# This file is automatically @generated by Cargo.
# It is not intended for manual editing.
[[package]]
name = "lex"
version = "0.1.0"

[[package]]
name = "mrcc"
version = "0.1.0"

[[package]]
name = "normalize-line-endings"
version = "0.3.0"
source = "registry+https://github.com/rust-lang/crates.io-index"
checksum = "61807f77802ff30975e01f4f071c8ba10c022052f98b3294119f3e615d13e5be"

[[package]]
name = "source-manager"
version = "0.1.0"
dependencies = [
 "normalize-line-endings",
]
